PODS:
  - Flutter (1.0.0)
  - flutter_native_string_res (0.0.1):
    - Flutter

DEPENDENCIES:
  - Flutter (from `Flutter`)
  - flutter_native_string_res (from `.symlinks/plugins/flutter_native_string_res/ios`)

EXTERNAL SOURCES:
  Flutter:
    :path: Flutter
  flutter_native_string_res:
    :path: ".symlinks/plugins/flutter_native_string_res/ios"

SPEC CHECKSUMS:
  Flutter: e0871f40cf51350855a761d2e70bf5af5b9b5de7
  flutter_native_string_res: 800c21afe1ef6f71b197008f6ed0acf0c6a9b3cb

PODFILE CHECKSUM: 7096d69c085921256031c0b77f50e3baf9b14e24

COCOAPODS: 1.15.2
